// !$*UTF8*$!
{
	archiveVersion = 1;
	classes = {
	};
	objectVersion = 46;
	objects = {

/* Begin PBXBuildFile section */
		9121D3571EE4B7E700575C26 /* AppDelegate.swift in Sources */ = {isa = PBXBuildFile; fileRef = 9121D3561EE4B7E700575C26 /* AppDelegate.swift */; };
		9121D3591EE4B7E700575C26 /* ViewController.swift in Sources */ = {isa = PBXBuildFile; fileRef = 9121D3581EE4B7E700575C26 /* ViewController.swift */; };
		9121D35B1EE4B7E700575C26 /* Assets.xcassets in Resources */ = {isa = PBXBuildFile; fileRef = 9121D35A1EE4B7E700575C26 /* Assets.xcassets */; };
		9121D35E1EE4B7E700575C26 /* Main.storyboard in Resources */ = {isa = PBXBuildFile; fileRef = 9121D35C1EE4B7E700575C26 /* Main.storyboard */; };
		9121D3661EE4BAA700575C26 /* StatusMenuController.swift in Sources */ = {isa = PBXBuildFile; fileRef = 9121D3651EE4BAA700575C26 /* StatusMenuController.swift */; };
		9121D3681EE4BD6E00575C26 /* MXMasterAPI.swift in Sources */ = {isa = PBXBuildFile; fileRef = 9121D3671EE4BD6E00575C26 /* MXMasterAPI.swift */; };
/* End PBXBuildFile section */

/* Begin PBXFileReference section */
		9121D3531EE4B7E700575C26 /* MXMasterBatteryMonitor.app */ = {isa = PBXFileReference; explicitFileType = wrapper.application; includeInIndex = 0; path = MXMasterBatteryMonitor.app; sourceTree = BUILT_PRODUCTS_DIR; };
		9121D3561EE4B7E700575C26 /* AppDelegate.swift */ = {isa = PBXFileReference; lastKnownFileType = sourcecode.swift; path = AppDelegate.swift; sourceTree = "<group>"; };
		9121D3581EE4B7E700575C26 /* ViewController.swift */ = {isa = PBXFileReference; lastKnownFileType = sourcecode.swift; path = ViewController.swift; sourceTree = "<group>"; };
		9121D35A1EE4B7E700575C26 /* Assets.xcassets */ = {isa = PBXFileReference; lastKnownFileType = folder.assetcatalog; path = Assets.xcassets; sourceTree = "<group>"; };
		9121D35D1EE4B7E700575C26 /* Base */ = {isa = PBXFileReference; lastKnownFileType = file.storyboard; name = Base; path = Base.lproj/Main.storyboard; sourceTree = "<group>"; };
		9121D35F1EE4B7E700575C26 /* Info.plist */ = {isa = PBXFileReference; lastKnownFileType = text.plist.xml; path = Info.plist; sourceTree = "<group>"; };
		9121D3651EE4BAA700575C26 /* StatusMenuController.swift */ = {isa = PBXFileReference; fileEncoding = 4; lastKnownFileType = sourcecode.swift; path = StatusMenuController.swift; sourceTree = "<group>"; };
		9121D3671EE4BD6E00575C26 /* MXMasterAPI.swift */ = {isa = PBXFileReference; fileEncoding = 4; lastKnownFileType = sourcecode.swift; path = MXMasterAPI.swift; sourceTree = "<group>"; };
/* End PBXFileReference section */

/* Begin PBXFrameworksBuildPhase section */
		9121D3501EE4B7E700575C26 /* Frameworks */ = {
			isa = PBXFrameworksBuildPhase;
			buildActionMask = 2147483647;
			files = (
			);
			runOnlyForDeploymentPostprocessing = 0;
		};
/* End PBXFrameworksBuildPhase section */

/* Begin PBXGroup section */
		9121D34A1EE4B7E700575C26 = {
			isa = PBXGroup;
			children = (
				9121D3551EE4B7E700575C26 /* MXMasterBatteryMonitor */,
				9121D3541EE4B7E700575C26 /* Products */,
			);
			sourceTree = "<group>";
		};
		9121D3541EE4B7E700575C26 /* Products */ = {
			isa = PBXGroup;
			children = (
				9121D3531EE4B7E700575C26 /* MXMasterBatteryMonitor.app */,
			);
			name = Products;
			sourceTree = "<group>";
		};
		9121D3551EE4B7E700575C26 /* MXMasterBatteryMonitor */ = {
			isa = PBXGroup;
			children = (
				9121D3561EE4B7E700575C26 /* AppDelegate.swift */,
				9121D3651EE4BAA700575C26 /* StatusMenuController.swift */,
				9121D3581EE4B7E700575C26 /* ViewController.swift */,
				9121D35A1EE4B7E700575C26 /* Assets.xcassets */,
				9121D35C1EE4B7E700575C26 /* Main.storyboard */,
				9121D3671EE4BD6E00575C26 /* MXMasterAPI.swift */,
				9121D35F1EE4B7E700575C26 /* Info.plist */,
			);
			path = MXMasterBatteryMonitor;
			sourceTree = "<group>";
		};
/* End PBXGroup section */

/* Begin PBXNativeTarget section */
		9121D3521EE4B7E700575C26 /* MXMasterBatteryMonitor */ = {
			isa = PBXNativeTarget;
			buildConfigurationList = 9121D3621EE4B7E700575C26 /* Build configuration list for PBXNativeTarget "MXMasterBatteryMonitor" */;
			buildPhases = (
				9121D34F1EE4B7E700575C26 /* Sources */,
				9121D3501EE4B7E700575C26 /* Frameworks */,
				9121D3511EE4B7E700575C26 /* Resources */,
			);
			buildRules = (
			);
			dependencies = (
			);
			name = MXMasterBatteryMonitor;
			productName = MXMasterBatteryMonitor;
			productReference = 9121D3531EE4B7E700575C26 /* MXMasterBatteryMonitor.app */;
			productType = "com.apple.product-type.application";
		};
/* End PBXNativeTarget section */

/* Begin PBXProject section */
		9121D34B1EE4B7E700575C26 /* Project object */ = {
			isa = PBXProject;
			attributes = {
				LastSwiftUpdateCheck = 0830;
				LastUpgradeCheck = 0830;
				ORGANIZATIONNAME = "John Fansler";
				TargetAttributes = {
					9121D3521EE4B7E700575C26 = {
						CreatedOnToolsVersion = 8.3.2;
						DevelopmentTeam = R6T2C82438;
						ProvisioningStyle = Automatic;
					};
				};
			};
			buildConfigurationList = 9121D34E1EE4B7E700575C26 /* Build configuration list for PBXProject "MXMasterBatteryMonitor" */;
			compatibilityVersion = "Xcode 3.2";
			developmentRegion = English;
			hasScannedForEncodings = 0;
			knownRegions = (
				en,
				Base,
			);
			mainGroup = 9121D34A1EE4B7E700575C26;
			productRefGroup = 9121D3541EE4B7E700575C26 /* Products */;
			projectDirPath = "";
			projectRoot = "";
			targets = (
				9121D3521EE4B7E700575C26 /* MXMasterBatteryMonitor */,
			);
		};
/* End PBXProject section */

/* Begin PBXResourcesBuildPhase section */
		9121D3511EE4B7E700575C26 /* Resources */ = {
			isa = PBXResourcesBuildPhase;
			buildActionMask = 2147483647;
			files = (
				9121D35B1EE4B7E700575C26 /* Assets.xcassets in Resources */,
				9121D35E1EE4B7E700575C26 /* Main.storyboard in Resources */,
			);
			runOnlyForDeploymentPostprocessing = 0;
		};
/* End PBXResourcesBuildPhase section */

/* Begin PBXSourcesBuildPhase section */
		9121D34F1EE4B7E700575C26 /* Sources */ = {
			isa = PBXSourcesBuildPhase;
			buildActionMask = 2147483647;
			files = (
				9121D3661EE4BAA700575C26 /* StatusMenuController.swift in Sources */,
				9121D3591EE4B7E700575C26 /* ViewController.swift in Sources */,
				9121D3571EE4B7E700575C26 /* AppDelegate.swift in Sources */,
				9121D3681EE4BD6E00575C26 /* MXMasterAPI.swift in Sources */,
			);
			runOnlyForDeploymentPostprocessing = 0;
		};
/* End PBXSourcesBuildPhase section */

/* Begin PBXVariantGroup section */
		9121D35C1EE4B7E700575C26 /* Main.storyboard */ = {
			isa = PBXVariantGroup;
			children = (
				9121D35D1EE4B7E700575C26 /* Base */,
			);
			name = Main.storyboard;
			sourceTree = "<group>";
		};
/* End PBXVariantGroup section */

/* Begin XCBuildConfiguration section */
		9121D3601EE4B7E700575C26 /* Debug */ = {
			isa = XCBuildConfiguration;
			buildSettings = {
				ALWAYS_SEARCH_USER_PATHS = NO;
				CLANG_ANALYZER_NONNULL = YES;
				CLANG_ANALYZER_NUMBER_OBJECT_CONVERSION = YES_AGGRESSIVE;
				CLANG_CXX_LANGUAGE_STANDARD = "gnu++0x";
				CLANG_CXX_LIBRARY = "libc++";
				CLANG_ENABLE_MODULES = YES;
				CLANG_ENABLE_OBJC_ARC = YES;
				CLANG_WARN_BOOL_CONVERSION = YES;
				CLANG_WARN_CONSTANT_CONVERSION = YES;
				CLANG_WARN_DIRECT_OBJC_ISA_USAGE = YES_ERROR;
				CLANG_WARN_DOCUMENTATION_COMMENTS = YES;
				CLANG_WARN_EMPTY_BODY = YES;
				CLANG_WARN_ENUM_CONVERSION = YES;
				CLANG_WARN_INFINITE_RECURSION = YES;
				CLANG_WARN_INT_CONVERSION = YES;
				CLANG_WARN_OBJC_ROOT_CLASS = YES_ERROR;
				CLANG_WARN_SUSPICIOUS_MOVE = YES;
				CLANG_WARN_UNREACHABLE_CODE = YES;
				CLANG_WARN__DUPLICATE_METHOD_MATCH = YES;
				CODE_SIGN_IDENTITY = "-";
				COPY_PHASE_STRIP = NO;
				DEBUG_INFORMATION_FORMAT = dwarf;
				ENABLE_STRICT_OBJC_MSGSEND = YES;
				ENABLE_TESTABILITY = YES;
				GCC_C_LANGUAGE_STANDARD = gnu99;
				GCC_DYNAMIC_NO_PIC = NO;
				GCC_NO_COMMON_BLOCKS = YES;
				GCC_OPTIMIZATION_LEVEL = 0;
				GCC_PREPROCESSOR_DEFINITIONS = (
					"DEBUG=1",
					"$(inherited)",
				);
				GCC_WARN_64_TO_32_BIT_CONVERSION = YES;
				GCC_WARN_ABOUT_RETURN_TYPE = YES_ERROR;
				GCC_WARN_UNDECLARED_SELECTOR = YES;
				GCC_WARN_UNINITIALIZED_AUTOS = YES_AGGRESSIVE;
				GCC_WARN_UNUSED_FUNCTION = YES;
				GCC_WARN_UNUSED_VARIABLE = YES;
				MACOSX_DEPLOYMENT_TARGET = 10.12;
				MTL_ENABLE_DEBUG_INFO = YES;
				ONLY_ACTIVE_ARCH = YES;
				SDKROOT = macosx;
				SWIFT_ACTIVE_COMPILATION_CONDITIONS = DEBUG;
				SWIFT_OPTIMIZATION_LEVEL = "-Onone";
			};
			name = Debug;
		};
		9121D3611EE4B7E700575C26 /* Release */ = {
			isa = XCBuildConfiguration;
			buildSettings = {
				ALWAYS_SEARCH_USER_PATHS = NO;
				CLANG_ANALYZER_NONNULL = YES;
				CLANG_ANALYZER_NUMBER_OBJECT_CONVERSION = YES_AGGRESSIVE;
				CLANG_CXX_LANGUAGE_STANDARD = "gnu++0x";
				CLANG_CXX_LIBRARY = "libc++";
				CLANG_ENABLE_MODULES = YES;
				CLANG_ENABLE_OBJC_ARC = YES;
				CLANG_WARN_BOOL_CONVERSION = YES;
				CLANG_WARN_CONSTANT_CONVERSION = YES;
				CLANG_WARN_DIRECT_OBJC_ISA_USAGE = YES_ERROR;
				CLANG_WARN_DOCUMENTATION_COMMENTS = YES;
				CLANG_WARN_EMPTY_BODY = YES;
				CLANG_WARN_ENUM_CONVERSION = YES;
				CLANG_WARN_INFINITE_RECURSION = YES;
				CLANG_WARN_INT_CONVERSION = YES;
				CLANG_WARN_OBJC_ROOT_CLASS = YES_ERROR;
				CLANG_WARN_SUSPICIOUS_MOVE = YES;
				CLANG_WARN_UNREACHABLE_CODE = YES;
				CLANG_WARN__DUPLICATE_METHOD_MATCH = YES;
				CODE_SIGN_IDENTITY = "-";
				COPY_PHASE_STRIP = NO;
				DEBUG_INFORMATION_FORMAT = "dwarf-with-dsym";
				ENABLE_NS_ASSERTIONS = NO;
				ENABLE_STRICT_OBJC_MSGSEND = YES;
				GCC_C_LANGUAGE_STANDARD = gnu99;
				GCC_NO_COMMON_BLOCKS = YES;
				GCC_WARN_64_TO_32_BIT_CONVERSION = YES;
				GCC_WARN_ABOUT_RETURN_TYPE = YES_ERROR;
				GCC_WARN_UNDECLARED_SELECTOR = YES;
				GCC_WARN_UNINITIALIZED_AUTOS = YES_AGGRESSIVE;
				GCC_WARN_UNUSED_FUNCTION = YES;
				GCC_WARN_UNUSED_VARIABLE = YES;
				MACOSX_DEPLOYMENT_TARGET = 10.12;
				MTL_ENABLE_DEBUG_INFO = NO;
				SDKROOT = macosx;
				SWIFT_OPTIMIZATION_LEVEL = "-Owholemodule";
			};
			name = Release;
		};
		9121D3631EE4B7E700575C26 /* Debug */ = {
			isa = XCBuildConfiguration;
			buildSettings = {
				ASSETCATALOG_COMPILER_APPICON_NAME = AppIcon;
				COMBINE_HIDPI_IMAGES = YES;
				DEVELOPMENT_TEAM = R6T2C82438;
				INFOPLIST_FILE = MXMasterBatteryMonitor/Info.plist;
				LD_RUNPATH_SEARCH_PATHS = "$(inherited) @executable_path/../Frameworks";
				PRODUCT_BUNDLE_IDENTIFIER = com.johnfansler.MXMasterBatteryMonitor;
				PRODUCT_NAME = "$(TARGET_NAME)";
				SWIFT_VERSION = 3.0;
			};
			name = Debug;
		};
		9121D3641EE4B7E700575C26 /* Release */ = {
			isa = XCBuildConfiguration;
			buildSettings = {
				ASSETCATALOG_COMPILER_APPICON_NAME = AppIcon;
				COMBINE_HIDPI_IMAGES = YES;
				DEVELOPMENT_TEAM = R6T2C82438;
				INFOPLIST_FILE = MXMasterBatteryMonitor/Info.plist;
				LD_RUNPATH_SEARCH_PATHS = "$(inherited) @executable_path/../Frameworks";
				PRODUCT_BUNDLE_IDENTIFIER = com.johnfansler.MXMasterBatteryMonitor;
				PRODUCT_NAME = "$(TARGET_NAME)";
				SWIFT_VERSION = 3.0;
			};
			name = Release;
		};
/* End XCBuildConfiguration section */

/* Begin XCConfigurationList section */
		9121D34E1EE4B7E700575C26 /* Build configuration list for PBXProject "MXMasterBatteryMonitor" */ = {
			isa = XCConfigurationList;
			buildConfigurations = (
				9121D3601EE4B7E700575C26 /* Debug */,
				9121D3611EE4B7E700575C26 /* Release */,
			);
			defaultConfigurationIsVisible = 0;
			defaultConfigurationName = Release;
		};
		9121D3621EE4B7E700575C26 /* Build configuration list for PBXNativeTarget "MXMasterBatteryMonitor" */ = {
			isa = XCConfigurationList;
			buildConfigurations = (
				9121D3631EE4B7E700575C26 /* Debug */,
				9121D3641EE4B7E700575C26 /* Release */,
			);
			defaultConfigurationIsVisible = 0;
		};
/* End XCConfigurationList section */
	};
	rootObject = 9121D34B1EE4B7E700575C26 /* Project object */;
}
